
Microsoft Visual Studio Solution File, Format Version 12.00
# Visual Studio Version 16
VisualStudioVersion = 16.0.29326.143
MinimumVisualStudioVersion = 10.0.40219.1
Project("{9A19103F-16F7-4668-BE54-9A1E7A4F7556}") = "ReRabbit.Abstractions", "src\ReRabbit.Abstractions\ReRabbit.Abstractions.csproj", "{150D639A-E077-484C-8EAC-454E9C956B08}"
EndProject
Project("{9A19103F-16F7-4668-BE54-9A1E7A4F7556}") = "ReRabbit.Subscribers", "src\ReRabbit.Subscribers\ReRabbit.Subscribers.csproj", "{B4DA2C25-26A9-4433-B2C7-8A3BDC0803E2}"
EndProject
Project("{9A19103F-16F7-4668-BE54-9A1E7A4F7556}") = "ReRabbit.Publishers", "src\ReRabbit.Publishers\ReRabbit.Publishers.csproj", "{F8C00E29-300A-436B-B5F2-53407CE37881}"
EndProject
Project("{9A19103F-16F7-4668-BE54-9A1E7A4F7556}") = "ReRabbit.Extensions", "src\ReRabbit.Extensions\ReRabbit.Extensions.csproj", "{69B82B59-5A7F-4BDB-A8E1-B6004835C969}"
EndProject
Project("{9A19103F-16F7-4668-BE54-9A1E7A4F7556}") = "ReRabbit.Core", "src\ReRabbit.Core\ReRabbit.Core.csproj", "{3BF4F7C5-9E71-4FE5-A80E-EC6BC12CDD7C}"
EndProject
Project("{2150E333-8FDC-42A3-9474-1A3956D46DE8}") = "Samples", "Samples", "{25DFCEB3-CEEE-42FC-93FA-2D3C1FF6EEB8}"
EndProject
Project("{9A19103F-16F7-4668-BE54-9A1E7A4F7556}") = "SampleWebApplication", "sample\SampleWebApplication.csproj", "{6A43DE05-9E95-419E-9215-9B99A4686301}"
EndProject
Project("{9A19103F-16F7-4668-BE54-9A1E7A4F7556}") = "ReRabbit.UnitTests", "tests\UnitTests\ReRabbit.UnitTests.csproj", "{E3EE1E29-CCAB-473D-A5B9-9D0A42F6EA85}"
EndProject
Project("{2150E333-8FDC-42A3-9474-1A3956D46DE8}") = "Tests", "Tests", "{0EDB0394-9B54-4EC6-A6BF-64F2956E7115}"
EndProject
Project("{2150E333-8FDC-42A3-9474-1A3956D46DE8}") = "src", "src", "{9A4DB75B-7E9A-4C91-98B8-3AA52BC3FFC3}"
EndProject
Global
	GlobalSection(SolutionConfigurationPlatforms) = preSolution
		Debug|Any CPU = Debug|Any CPU
		Release|Any CPU = Release|Any CPU
	EndGlobalSection
	GlobalSection(ProjectConfigurationPlatforms) = postSolution
		{150D639A-E077-484C-8EAC-454E9C956B08}.Debug|Any CPU.ActiveCfg = Debug|Any CPU
		{150D639A-E077-484C-8EAC-454E9C956B08}.Debug|Any CPU.Build.0 = Debug|Any CPU
		{150D639A-E077-484C-8EAC-454E9C956B08}.Release|Any CPU.ActiveCfg = Release|Any CPU
		{150D639A-E077-484C-8EAC-454E9C956B08}.Release|Any CPU.Build.0 = Release|Any CPU
		{B4DA2C25-26A9-4433-B2C7-8A3BDC0803E2}.Debug|Any CPU.ActiveCfg = Debug|Any CPU
		{B4DA2C25-26A9-4433-B2C7-8A3BDC0803E2}.Debug|Any CPU.Build.0 = Debug|Any CPU
		{B4DA2C25-26A9-4433-B2C7-8A3BDC0803E2}.Release|Any CPU.ActiveCfg = Release|Any CPU
		{B4DA2C25-26A9-4433-B2C7-8A3BDC0803E2}.Release|Any CPU.Build.0 = Release|Any CPU
		{F8C00E29-300A-436B-B5F2-53407CE37881}.Debug|Any CPU.ActiveCfg = Debug|Any CPU
		{F8C00E29-300A-436B-B5F2-53407CE37881}.Debug|Any CPU.Build.0 = Debug|Any CPU
		{F8C00E29-300A-436B-B5F2-53407CE37881}.Release|Any CPU.ActiveCfg = Release|Any CPU
		{F8C00E29-300A-436B-B5F2-53407CE37881}.Release|Any CPU.Build.0 = Release|Any CPU
		{69B82B59-5A7F-4BDB-A8E1-B6004835C969}.Debug|Any CPU.ActiveCfg = Debug|Any CPU
		{69B82B59-5A7F-4BDB-A8E1-B6004835C969}.Debug|Any CPU.Build.0 = Debug|Any CPU
		{69B82B59-5A7F-4BDB-A8E1-B6004835C969}.Release|Any CPU.ActiveCfg = Release|Any CPU
		{69B82B59-5A7F-4BDB-A8E1-B6004835C969}.Release|Any CPU.Build.0 = Release|Any CPU
		{3BF4F7C5-9E71-4FE5-A80E-EC6BC12CDD7C}.Debug|Any CPU.ActiveCfg = Debug|Any CPU
		{3BF4F7C5-9E71-4FE5-A80E-EC6BC12CDD7C}.Debug|Any CPU.Build.0 = Debug|Any CPU
		{3BF4F7C5-9E71-4FE5-A80E-EC6BC12CDD7C}.Release|Any CPU.ActiveCfg = Release|Any CPU
		{3BF4F7C5-9E71-4FE5-A80E-EC6BC12CDD7C}.Release|Any CPU.Build.0 = Release|Any CPU
		{6A43DE05-9E95-419E-9215-9B99A4686301}.Debug|Any CPU.ActiveCfg = Debug|Any CPU
		{6A43DE05-9E95-419E-9215-9B99A4686301}.Debug|Any CPU.Build.0 = Debug|Any CPU
		{6A43DE05-9E95-419E-9215-9B99A4686301}.Release|Any CPU.ActiveCfg = Release|Any CPU
		{6A43DE05-9E95-419E-9215-9B99A4686301}.Release|Any CPU.Build.0 = Release|Any CPU
		{E3EE1E29-CCAB-473D-A5B9-9D0A42F6EA85}.Debug|Any CPU.ActiveCfg = Debug|Any CPU
		{E3EE1E29-CCAB-473D-A5B9-9D0A42F6EA85}.Debug|Any CPU.Build.0 = Debug|Any CPU
		{E3EE1E29-CCAB-473D-A5B9-9D0A42F6EA85}.Release|Any CPU.ActiveCfg = Release|Any CPU
		{E3EE1E29-CCAB-473D-A5B9-9D0A42F6EA85}.Release|Any CPU.Build.0 = Release|Any CPU
	EndGlobalSection
	GlobalSection(SolutionProperties) = preSolution
		HideSolutionNode = FALSE
	EndGlobalSection
	GlobalSection(NestedProjects) = preSolution
		{150D639A-E077-484C-8EAC-454E9C956B08} = {9A4DB75B-7E9A-4C91-98B8-3AA52BC3FFC3}
		{B4DA2C25-26A9-4433-B2C7-8A3BDC0803E2} = {9A4DB75B-7E9A-4C91-98B8-3AA52BC3FFC3}
		{F8C00E29-300A-436B-B5F2-53407CE37881} = {9A4DB75B-7E9A-4C91-98B8-3AA52BC3FFC3}
		{69B82B59-5A7F-4BDB-A8E1-B6004835C969} = {9A4DB75B-7E9A-4C91-98B8-3AA52BC3FFC3}
		{3BF4F7C5-9E71-4FE5-A80E-EC6BC12CDD7C} = {9A4DB75B-7E9A-4C91-98B8-3AA52BC3FFC3}
		{6A43DE05-9E95-419E-9215-9B99A4686301} = {25DFCEB3-CEEE-42FC-93FA-2D3C1FF6EEB8}
		{E3EE1E29-CCAB-473D-A5B9-9D0A42F6EA85} = {0EDB0394-9B54-4EC6-A6BF-64F2956E7115}
	EndGlobalSection
	GlobalSection(ExtensibilityGlobals) = postSolution
		SolutionGuid = {99735E91-DE38-461E-B4DE-666123FAE751}
	EndGlobalSection
EndGlobal
